
Microsoft Visual Studio Solution File, Format Version 12.00
# Visual Studio Version 16
VisualStudioVersion = 16.0.29905.134
MinimumVisualStudioVersion = 10.0.40219.1
Project("{FAE04EC0-301F-11D3-BF4B-00C04F79EFBC}") = "PipesAndFilters", "PipesAndFilters\PipesAndFilters.csproj", "{83186AF4-783F-4E12-B0C8-B7A97D8FB511}"
EndProject
Project("{FAE04EC0-301F-11D3-BF4B-00C04F79EFBC}") = "PipesAndFilters.Tests", "PipesAndFilters.Tests\PipesAndFilters.Tests.csproj", "{A502AC03-C92C-4777-9349-23B49F7D8D6D}"
EndProject
Global
	GlobalSection(SolutionConfigurationPlatforms) = preSolution
		Debug|Any CPU = Debug|Any CPU
		Release|Any CPU = Release|Any CPU
	EndGlobalSection
	GlobalSection(ProjectConfigurationPlatforms) = postSolution
		{83186AF4-783F-4E12-B0C8-B7A97D8FB511}.Debug|Any CPU.ActiveCfg = Debug|Any CPU
		{83186AF4-783F-4E12-B0C8-B7A97D8FB511}.Debug|Any CPU.Build.0 = Debug|Any CPU
		{83186AF4-783F-4E12-B0C8-B7A97D8FB511}.Release|Any CPU.ActiveCfg = Release|Any CPU
		{83186AF4-783F-4E12-B0C8-B7A97D8FB511}.Release|Any CPU.Build.0 = Release|Any CPU
		{A502AC03-C92C-4777-9349-23B49F7D8D6D}.Debug|Any CPU.ActiveCfg = Debug|Any CPU
		{A502AC03-C92C-4777-9349-23B49F7D8D6D}.Debug|Any CPU.Build.0 = Debug|Any CPU
		{A502AC03-C92C-4777-9349-23B49F7D8D6D}.Release|Any CPU.ActiveCfg = Release|Any CPU
		{A502AC03-C92C-4777-9349-23B49F7D8D6D}.Release|Any CPU.Build.0 = Release|Any CPU
	EndGlobalSection
	GlobalSection(SolutionProperties) = preSolution
		HideSolutionNode = FALSE
	EndGlobalSection
	GlobalSection(ExtensibilityGlobals) = postSolution
		SolutionGuid = {31047C8A-4FAF-45F2-9648-6EB4C7E87215}
	EndGlobalSection
EndGlobal
